// !$*UTF8*$!
{
	archiveVersion = 1;
	classes = {
	};
	objectVersion = 46;
	objects = {

/* Begin PBXBuildFile section */
		681561121D5DC228009DCF24 /* WebViewController.swift in Sources */ = {isa = PBXBuildFile; fileRef = 681561111D5DC228009DCF24 /* WebViewController.swift */; };
		683631721D5B394600B55C9D /* AppDelegate.swift in Sources */ = {isa = PBXBuildFile; fileRef = 683631711D5B394600B55C9D /* AppDelegate.swift */; };
		683631771D5B394600B55C9D /* Main.storyboard in Resources */ = {isa = PBXBuildFile; fileRef = 683631751D5B394600B55C9D /* Main.storyboard */; };
		683631791D5B394600B55C9D /* Assets.xcassets in Resources */ = {isa = PBXBuildFile; fileRef = 683631781D5B394600B55C9D /* Assets.xcassets */; };
		6836317C1D5B394600B55C9D /* LaunchScreen.storyboard in Resources */ = {isa = PBXBuildFile; fileRef = 6836317A1D5B394600B55C9D /* LaunchScreen.storyboard */; };
		683631871D5B394600B55C9D /* WorldTrotterTests.swift in Sources */ = {isa = PBXBuildFile; fileRef = 683631861D5B394600B55C9D /* WorldTrotterTests.swift */; };
		683631921D5B394600B55C9D /* WorldTrotterUITests.swift in Sources */ = {isa = PBXBuildFile; fileRef = 683631911D5B394600B55C9D /* WorldTrotterUITests.swift */; };
		683631A41D5C79AA00B55C9D /* ConversionViewController.swift in Sources */ = {isa = PBXBuildFile; fileRef = 683631A31D5C79AA00B55C9D /* ConversionViewController.swift */; };
		683631A61D5CB0EB00B55C9D /* MapKit.framework in Frameworks */ = {isa = PBXBuildFile; fileRef = 683631A51D5CB0EB00B55C9D /* MapKit.framework */; };
		683631A81D5CBE7400B55C9D /* MapViewController.swift in Sources */ = {isa = PBXBuildFile; fileRef = 683631A71D5CBE7400B55C9D /* MapViewController.swift */; };
/* End PBXBuildFile section */

/* Begin PBXContainerItemProxy section */
		683631831D5B394600B55C9D /* PBXContainerItemProxy */ = {
			isa = PBXContainerItemProxy;
			containerPortal = 683631661D5B394600B55C9D /* Project object */;
			proxyType = 1;
			remoteGlobalIDString = 6836316D1D5B394600B55C9D;
			remoteInfo = WorldTrotter;
		};
		6836318E1D5B394600B55C9D /* PBXContainerItemProxy */ = {
			isa = PBXContainerItemProxy;
			containerPortal = 683631661D5B394600B55C9D /* Project object */;
			proxyType = 1;
			remoteGlobalIDString = 6836316D1D5B394600B55C9D;
			remoteInfo = WorldTrotter;
		};
/* End PBXContainerItemProxy section */

/* Begin PBXFileReference section */
		681561111D5DC228009DCF24 /* WebViewController.swift */ = {isa = PBXFileReference; fileEncoding = 4; lastKnownFileType = sourcecode.swift; path = WebViewController.swift; sourceTree = "<group>"; };
		6836316E1D5B394600B55C9D /* WorldTrotter.app */ = {isa = PBXFileReference; explicitFileType = wrapper.application; includeInIndex = 0; path = WorldTrotter.app; sourceTree = BUILT_PRODUCTS_DIR; };
		683631711D5B394600B55C9D /* AppDelegate.swift */ = {isa = PBXFileReference; lastKnownFileType = sourcecode.swift; path = AppDelegate.swift; sourceTree = "<group>"; };
		683631761D5B394600B55C9D /* Base */ = {isa = PBXFileReference; lastKnownFileType = file.storyboard; name = Base; path = Base.lproj/Main.storyboard; sourceTree = "<group>"; };
		683631781D5B394600B55C9D /* Assets.xcassets */ = {isa = PBXFileReference; lastKnownFileType = folder.assetcatalog; path = Assets.xcassets; sourceTree = "<group>"; };
		6836317B1D5B394600B55C9D /* Base */ = {isa = PBXFileReference; lastKnownFileType = file.storyboard; name = Base; path = Base.lproj/LaunchScreen.storyboard; sourceTree = "<group>"; };
		6836317D1D5B394600B55C9D /* Info.plist */ = {isa = PBXFileReference; lastKnownFileType = text.plist.xml; path = Info.plist; sourceTree = "<group>"; };
		683631821D5B394600B55C9D /* WorldTrotterTests.xctest */ = {isa = PBXFileReference; explicitFileType = wrapper.cfbundle; includeInIndex = 0; path = WorldTrotterTests.xctest; sourceTree = BUILT_PRODUCTS_DIR; };
		683631861D5B394600B55C9D /* WorldTrotterTests.swift */ = {isa = PBXFileReference; lastKnownFileType = sourcecode.swift; path = WorldTrotterTests.swift; sourceTree = "<group>"; };
		683631881D5B394600B55C9D /* Info.plist */ = {isa = PBXFileReference; lastKnownFileType = text.plist.xml; path = Info.plist; sourceTree = "<group>"; };
		6836318D1D5B394600B55C9D /* WorldTrotterUITests.xctest */ = {isa = PBXFileReference; explicitFileType = wrapper.cfbundle; includeInIndex = 0; path = WorldTrotterUITests.xctest; sourceTree = BUILT_PRODUCTS_DIR; };
		683631911D5B394600B55C9D /* WorldTrotterUITests.swift */ = {isa = PBXFileReference; lastKnownFileType = sourcecode.swift; path = WorldTrotterUITests.swift; sourceTree = "<group>"; };
		683631931D5B394600B55C9D /* Info.plist */ = {isa = PBXFileReference; lastKnownFileType = text.plist.xml; path = Info.plist; sourceTree = "<group>"; };
		683631A31D5C79AA00B55C9D /* ConversionViewController.swift */ = {isa = PBXFileReference; fileEncoding = 4; lastKnownFileType = sourcecode.swift; path = ConversionViewController.swift; sourceTree = "<group>"; };
		683631A51D5CB0EB00B55C9D /* MapKit.framework */ = {isa = PBXFileReference; lastKnownFileType = wrapper.framework; name = MapKit.framework; path = System/Library/Frameworks/MapKit.framework; sourceTree = SDKROOT; };
		683631A71D5CBE7400B55C9D /* MapViewController.swift */ = {isa = PBXFileReference; fileEncoding = 4; lastKnownFileType = sourcecode.swift; path = MapViewController.swift; sourceTree = "<group>"; };
/* End PBXFileReference section */

/* Begin PBXFrameworksBuildPhase section */
		6836316B1D5B394600B55C9D /* Frameworks */ = {
			isa = PBXFrameworksBuildPhase;
			buildActionMask = 2147483647;
			files = (
				683631A61D5CB0EB00B55C9D /* MapKit.framework in Frameworks */,
			);
			runOnlyForDeploymentPostprocessing = 0;
		};
		6836317F1D5B394600B55C9D /* Frameworks */ = {
			isa = PBXFrameworksBuildPhase;
			buildActionMask = 2147483647;
			files = (
			);
			runOnlyForDeploymentPostprocessing = 0;
		};
		6836318A1D5B394600B55C9D /* Frameworks */ = {
			isa = PBXFrameworksBuildPhase;
			buildActionMask = 2147483647;
			files = (
			);
			runOnlyForDeploymentPostprocessing = 0;
		};
/* End PBXFrameworksBuildPhase section */

/* Begin PBXGroup section */
		683631651D5B394600B55C9D = {
			isa = PBXGroup;
			children = (
				683631A51D5CB0EB00B55C9D /* MapKit.framework */,
				683631701D5B394600B55C9D /* WorldTrotter */,
				683631851D5B394600B55C9D /* WorldTrotterTests */,
				683631901D5B394600B55C9D /* WorldTrotterUITests */,
				6836316F1D5B394600B55C9D /* Products */,
			);
			sourceTree = "<group>";
		};
		6836316F1D5B394600B55C9D /* Products */ = {
			isa = PBXGroup;
			children = (
				6836316E1D5B394600B55C9D /* WorldTrotter.app */,
				683631821D5B394600B55C9D /* WorldTrotterTests.xctest */,
				6836318D1D5B394600B55C9D /* WorldTrotterUITests.xctest */,
			);
			name = Products;
			sourceTree = "<group>";
		};
		683631701D5B394600B55C9D /* WorldTrotter */ = {
			isa = PBXGroup;
			children = (
				683631A31D5C79AA00B55C9D /* ConversionViewController.swift */,
				683631711D5B394600B55C9D /* AppDelegate.swift */,
				683631751D5B394600B55C9D /* Main.storyboard */,
				681561111D5DC228009DCF24 /* WebViewController.swift */,
				683631A71D5CBE7400B55C9D /* MapViewController.swift */,
				683631781D5B394600B55C9D /* Assets.xcassets */,
				6836317A1D5B394600B55C9D /* LaunchScreen.storyboard */,
				6836317D1D5B394600B55C9D /* Info.plist */,
			);
			path = WorldTrotter;
			sourceTree = "<group>";
		};
		683631851D5B394600B55C9D /* WorldTrotterTests */ = {
			isa = PBXGroup;
			children = (
				683631861D5B394600B55C9D /* WorldTrotterTests.swift */,
				683631881D5B394600B55C9D /* Info.plist */,
			);
			path = WorldTrotterTests;
			sourceTree = "<group>";
		};
		683631901D5B394600B55C9D /* WorldTrotterUITests */ = {
			isa = PBXGroup;
			children = (
				683631911D5B394600B55C9D /* WorldTrotterUITests.swift */,
				683631931D5B394600B55C9D /* Info.plist */,
			);
			path = WorldTrotterUITests;
			sourceTree = "<group>";
		};
/* End PBXGroup section */

/* Begin PBXNativeTarget section */
		6836316D1D5B394600B55C9D /* WorldTrotter */ = {
			isa = PBXNativeTarget;
			buildConfigurationList = 683631961D5B394600B55C9D /* Build configuration list for PBXNativeTarget "WorldTrotter" */;
			buildPhases = (
				6836316A1D5B394600B55C9D /* Sources */,
				6836316B1D5B394600B55C9D /* Frameworks */,
				6836316C1D5B394600B55C9D /* Resources */,
			);
			buildRules = (
			);
			dependencies = (
			);
			name = WorldTrotter;
			productName = WorldTrotter;
			productReference = 6836316E1D5B394600B55C9D /* WorldTrotter.app */;
			productType = "com.apple.product-type.application";
		};
		683631811D5B394600B55C9D /* WorldTrotterTests */ = {
			isa = PBXNativeTarget;
			buildConfigurationList = 683631991D5B394600B55C9D /* Build configuration list for PBXNativeTarget "WorldTrotterTests" */;
			buildPhases = (
				6836317E1D5B394600B55C9D /* Sources */,
				6836317F1D5B394600B55C9D /* Frameworks */,
				683631801D5B394600B55C9D /* Resources */,
			);
			buildRules = (
			);
			dependencies = (
				683631841D5B394600B55C9D /* PBXTargetDependency */,
			);
			name = WorldTrotterTests;
			productName = WorldTrotterTests;
			productReference = 683631821D5B394600B55C9D /* WorldTrotterTests.xctest */;
			productType = "com.apple.product-type.bundle.unit-test";
		};
		6836318C1D5B394600B55C9D /* WorldTrotterUITests */ = {
			isa = PBXNativeTarget;
			buildConfigurationList = 6836319C1D5B394600B55C9D /* Build configuration list for PBXNativeTarget "WorldTrotterUITests" */;
			buildPhases = (
				683631891D5B394600B55C9D /* Sources */,
				6836318A1D5B394600B55C9D /* Frameworks */,
				6836318B1D5B394600B55C9D /* Resources */,
			);
			buildRules = (
			);
			dependencies = (
				6836318F1D5B394600B55C9D /* PBXTargetDependency */,
			);
			name = WorldTrotterUITests;
			productName = WorldTrotterUITests;
			productReference = 6836318D1D5B394600B55C9D /* WorldTrotterUITests.xctest */;
			productType = "com.apple.product-type.bundle.ui-testing";
		};
/* End PBXNativeTarget section */

/* Begin PBXProject section */
		683631661D5B394600B55C9D /* Project object */ = {
			isa = PBXProject;
			attributes = {
				LastSwiftUpdateCheck = 0730;
				LastUpgradeCheck = 0730;
				ORGANIZATIONNAME = "Wayne Rumble";
				TargetAttributes = {
					6836316D1D5B394600B55C9D = {
						CreatedOnToolsVersion = 7.3.1;
						DevelopmentTeam = L3QZJU3LP7;
					};
					683631811D5B394600B55C9D = {
						CreatedOnToolsVersion = 7.3.1;
						DevelopmentTeam = L3QZJU3LP7;
						TestTargetID = 6836316D1D5B394600B55C9D;
					};
					6836318C1D5B394600B55C9D = {
						CreatedOnToolsVersion = 7.3.1;
						DevelopmentTeam = L3QZJU3LP7;
						TestTargetID = 6836316D1D5B394600B55C9D;
					};
				};
			};
			buildConfigurationList = 683631691D5B394600B55C9D /* Build configuration list for PBXProject "WorldTrotter" */;
			compatibilityVersion = "Xcode 3.2";
			developmentRegion = English;
			hasScannedForEncodings = 0;
			knownRegions = (
				en,
				Base,
			);
			mainGroup = 683631651D5B394600B55C9D;
			productRefGroup = 6836316F1D5B394600B55C9D /* Products */;
			projectDirPath = "";
			projectRoot = "";
			targets = (
				6836316D1D5B394600B55C9D /* WorldTrotter */,
				683631811D5B394600B55C9D /* WorldTrotterTests */,
				6836318C1D5B394600B55C9D /* WorldTrotterUITests */,
			);
		};
/* End PBXProject section */

/* Begin PBXResourcesBuildPhase section */
		6836316C1D5B394600B55C9D /* Resources */ = {
			isa = PBXResourcesBuildPhase;
			buildActionMask = 2147483647;
			files = (
				6836317C1D5B394600B55C9D /* LaunchScreen.storyboard in Resources */,
				683631791D5B394600B55C9D /* Assets.xcassets in Resources */,
				683631771D5B394600B55C9D /* Main.storyboard in Resources */,
			);
			runOnlyForDeploymentPostprocessing = 0;
		};
		683631801D5B394600B55C9D /* Resources */ = {
			isa = PBXResourcesBuildPhase;
			buildActionMask = 2147483647;
			files = (
			);
			runOnlyForDeploymentPostprocessing = 0;
		};
		6836318B1D5B394600B55C9D /* Resources */ = {
			isa = PBXResourcesBuildPhase;
			buildActionMask = 2147483647;
			files = (
			);
			runOnlyForDeploymentPostprocessing = 0;
		};
/* End PBXResourcesBuildPhase section */

/* Begin PBXSourcesBuildPhase section */
		6836316A1D5B394600B55C9D /* Sources */ = {
			isa = PBXSourcesBuildPhase;
			buildActionMask = 2147483647;
			files = (
				683631A41D5C79AA00B55C9D /* ConversionViewController.swift in Sources */,
				683631A81D5CBE7400B55C9D /* MapViewController.swift in Sources */,
				683631721D5B394600B55C9D /* AppDelegate.swift in Sources */,
				681561121D5DC228009DCF24 /* WebViewController.swift in Sources */,
			);
			runOnlyForDeploymentPostprocessing = 0;
		};
		6836317E1D5B394600B55C9D /* Sources */ = {
			isa = PBXSourcesBuildPhase;
			buildActionMask = 2147483647;
			files = (
				683631871D5B394600B55C9D /* WorldTrotterTests.swift in Sources */,
			);
			runOnlyForDeploymentPostprocessing = 0;
		};
		683631891D5B394600B55C9D /* Sources */ = {
			isa = PBXSourcesBuildPhase;
			buildActionMask = 2147483647;
			files = (
				683631921D5B394600B55C9D /* WorldTrotterUITests.swift in Sources */,
			);
			runOnlyForDeploymentPostprocessing = 0;
		};
/* End PBXSourcesBuildPhase section */

/* Begin PBXTargetDependency section */
		683631841D5B394600B55C9D /* PBXTargetDependency */ = {
			isa = PBXTargetDependency;
			target = 6836316D1D5B394600B55C9D /* WorldTrotter */;
			targetProxy = 683631831D5B394600B55C9D /* PBXContainerItemProxy */;
		};
		6836318F1D5B394600B55C9D /* PBXTargetDependency */ = {
			isa = PBXTargetDependency;
			target = 6836316D1D5B394600B55C9D /* WorldTrotter */;
			targetProxy = 6836318E1D5B394600B55C9D /* PBXContainerItemProxy */;
		};
/* End PBXTargetDependency section */

/* Begin PBXVariantGroup section */
		683631751D5B394600B55C9D /* Main.storyboard */ = {
			isa = PBXVariantGroup;
			children = (
				683631761D5B394600B55C9D /* Base */,
			);
			name = Main.storyboard;
			sourceTree = "<group>";
		};
		6836317A1D5B394600B55C9D /* LaunchScreen.storyboard */ = {
			isa = PBXVariantGroup;
			children = (
				6836317B1D5B394600B55C9D /* Base */,
			);
			name = LaunchScreen.storyboard;
			sourceTree = "<group>";
		};
/* End PBXVariantGroup section */

/* Begin XCBuildConfiguration section */
		683631941D5B394600B55C9D /* Debug */ = {
			isa = XCBuildConfiguration;
			buildSettings = {
				ALWAYS_SEARCH_USER_PATHS = NO;
				CLANG_ANALYZER_NONNULL = YES;
				CLANG_CXX_LANGUAGE_STANDARD = "gnu++0x";
				CLANG_CXX_LIBRARY = "libc++";
				CLANG_ENABLE_MODULES = YES;
				CLANG_ENABLE_OBJC_ARC = YES;
				CLANG_WARN_BOOL_CONVERSION = YES;
				CLANG_WARN_CONSTANT_CONVERSION = YES;
				CLANG_WARN_DIRECT_OBJC_ISA_USAGE = YES_ERROR;
				CLANG_WARN_EMPTY_BODY = YES;
				CLANG_WARN_ENUM_CONVERSION = YES;
				CLANG_WARN_INT_CONVERSION = YES;
				CLANG_WARN_OBJC_ROOT_CLASS = YES_ERROR;
				CLANG_WARN_UNREACHABLE_CODE = YES;
				CLANG_WARN__DUPLICATE_METHOD_MATCH = YES;
				"CODE_SIGN_IDENTITY[sdk=iphoneos*]" = "iPhone Developer";
				COPY_PHASE_STRIP = NO;
				DEBUG_INFORMATION_FORMAT = dwarf;
				ENABLE_STRICT_OBJC_MSGSEND = YES;
				ENABLE_TESTABILITY = YES;
				GCC_C_LANGUAGE_STANDARD = gnu99;
				GCC_DYNAMIC_NO_PIC = NO;
				GCC_NO_COMMON_BLOCKS = YES;
				GCC_OPTIMIZATION_LEVEL = 0;
				GCC_PREPROCESSOR_DEFINITIONS = (
					"DEBUG=1",
					"$(inherited)",
				);
				GCC_WARN_64_TO_32_BIT_CONVERSION = YES;
				GCC_WARN_ABOUT_RETURN_TYPE = YES_ERROR;
				GCC_WARN_UNDECLARED_SELECTOR = YES;
				GCC_WARN_UNINITIALIZED_AUTOS = YES_AGGRESSIVE;
				GCC_WARN_UNUSED_FUNCTION = YES;
				GCC_WARN_UNUSED_VARIABLE = YES;
				IPHONEOS_DEPLOYMENT_TARGET = 9.3;
				MTL_ENABLE_DEBUG_INFO = YES;
				ONLY_ACTIVE_ARCH = YES;
				SDKROOT = iphoneos;
				SWIFT_OPTIMIZATION_LEVEL = "-Onone";
				TARGETED_DEVICE_FAMILY = "1,2";
			};
			name = Debug;
		};
		683631951D5B394600B55C9D /* Release */ = {
			isa = XCBuildConfiguration;
			buildSettings = {
				ALWAYS_SEARCH_USER_PATHS = NO;
				CLANG_ANALYZER_NONNULL = YES;
				CLANG_CXX_LANGUAGE_STANDARD = "gnu++0x";
				CLANG_CXX_LIBRARY = "libc++";
				CLANG_ENABLE_MODULES = YES;
				CLANG_ENABLE_OBJC_ARC = YES;
				CLANG_WARN_BOOL_CONVERSION = YES;
				CLANG_WARN_CONSTANT_CONVERSION = YES;
				CLANG_WARN_DIRECT_OBJC_ISA_USAGE = YES_ERROR;
				CLANG_WARN_EMPTY_BODY = YES;
				CLANG_WARN_ENUM_CONVERSION = YES;
				CLANG_WARN_INT_CONVERSION = YES;
				CLANG_WARN_OBJC_ROOT_CLASS = YES_ERROR;
				CLANG_WARN_UNREACHABLE_CODE = YES;
				CLANG_WARN__DUPLICATE_METHOD_MATCH = YES;
				"CODE_SIGN_IDENTITY[sdk=iphoneos*]" = "iPhone Developer";
				COPY_PHASE_STRIP = NO;
				DEBUG_INFORMATION_FORMAT = "dwarf-with-dsym";
				ENABLE_NS_ASSERTIONS = NO;
				ENABLE_STRICT_OBJC_MSGSEND = YES;
				GCC_C_LANGUAGE_STANDARD = gnu99;
				GCC_NO_COMMON_BLOCKS = YES;
				GCC_WARN_64_TO_32_BIT_CONVERSION = YES;
				GCC_WARN_ABOUT_RETURN_TYPE = YES_ERROR;
				GCC_WARN_UNDECLARED_SELECTOR = YES;
				GCC_WARN_UNINITIALIZED_AUTOS = YES_AGGRESSIVE;
				GCC_WARN_UNUSED_FUNCTION = YES;
				GCC_WARN_UNUSED_VARIABLE = YES;
				IPHONEOS_DEPLOYMENT_TARGET = 9.3;
				MTL_ENABLE_DEBUG_INFO = NO;
				SDKROOT = iphoneos;
				TARGETED_DEVICE_FAMILY = "1,2";
				VALIDATE_PRODUCT = YES;
			};
			name = Release;
		};
		683631971D5B394600B55C9D /* Debug */ = {
			isa = XCBuildConfiguration;
			buildSettings = {
				ASSETCATALOG_COMPILER_APPICON_NAME = AppIcon;
				INFOPLIST_FILE = WorldTrotter/Info.plist;
				LD_RUNPATH_SEARCH_PATHS = "$(inherited) @executable_path/Frameworks";
				PRODUCT_BUNDLE_IDENTIFIER = "Smile-Machine.WorldTrotter";
				PRODUCT_NAME = "$(TARGET_NAME)";
			};
			name = Debug;
		};
		683631981D5B394600B55C9D /* Release */ = {
			isa = XCBuildConfiguration;
			buildSettings = {
				ASSETCATALOG_COMPILER_APPICON_NAME = AppIcon;
				INFOPLIST_FILE = WorldTrotter/Info.plist;
				LD_RUNPATH_SEARCH_PATHS = "$(inherited) @executable_path/Frameworks";
				PRODUCT_BUNDLE_IDENTIFIER = "Smile-Machine.WorldTrotter";
				PRODUCT_NAME = "$(TARGET_NAME)";
			};
			name = Release;
		};
		6836319A1D5B394600B55C9D /* Debug */ = {
			isa = XCBuildConfiguration;
			buildSettings = {
				BUNDLE_LOADER = "$(TEST_HOST)";
				INFOPLIST_FILE = WorldTrotterTests/Info.plist;
				LD_RUNPATH_SEARCH_PATHS = "$(inherited) @executable_path/Frameworks @loader_path/Frameworks";
				PRODUCT_BUNDLE_IDENTIFIER = "Smile-Machine.WorldTrotterTests";
				PRODUCT_NAME = "$(TARGET_NAME)";
				TEST_HOST = "$(BUILT_PRODUCTS_DIR)/WorldTrotter.app/WorldTrotter";
			};
			name = Debug;
		};
		6836319B1D5B394600B55C9D /* Release */ = {
			isa = XCBuildConfiguration;
			buildSettings = {
				BUNDLE_LOADER = "$(TEST_HOST)";
				INFOPLIST_FILE = WorldTrotterTests/Info.plist;
				LD_RUNPATH_SEARCH_PATHS = "$(inherited) @executable_path/Frameworks @loader_path/Frameworks";
				PRODUCT_BUNDLE_IDENTIFIER = "Smile-Machine.WorldTrotterTests";
				PRODUCT_NAME = "$(TARGET_NAME)";
				TEST_HOST = "$(BUILT_PRODUCTS_DIR)/WorldTrotter.app/WorldTrotter";
			};
			name = Release;
		};
		6836319D1D5B394600B55C9D /* Debug */ = {
			isa = XCBuildConfiguration;
			buildSettings = {
				INFOPLIST_FILE = WorldTrotterUITests/Info.plist;
				LD_RUNPATH_SEARCH_PATHS = "$(inherited) @executable_path/Frameworks @loader_path/Frameworks";
				PRODUCT_BUNDLE_IDENTIFIER = "Smile-Machine.WorldTrotterUITests";
				PRODUCT_NAME = "$(TARGET_NAME)";
				TEST_TARGET_NAME = WorldTrotter;
			};
			name = Debug;
		};
		6836319E1D5B394600B55C9D /* Release */ = {
			isa = XCBuildConfiguration;
			buildSettings = {
				INFOPLIST_FILE = WorldTrotterUITests/Info.plist;
				LD_RUNPATH_SEARCH_PATHS = "$(inherited) @executable_path/Frameworks @loader_path/Frameworks";
				PRODUCT_BUNDLE_IDENTIFIER = "Smile-Machine.WorldTrotterUITests";
				PRODUCT_NAME = "$(TARGET_NAME)";
				TEST_TARGET_NAME = WorldTrotter;
			};
			name = Release;
		};
/* End XCBuildConfiguration section */

/* Begin XCConfigurationList section */
		683631691D5B394600B55C9D /* Build configuration list for PBXProject "WorldTrotter" */ = {
			isa = XCConfigurationList;
			buildConfigurations = (
				683631941D5B394600B55C9D /* Debug */,
				683631951D5B394600B55C9D /* Release */,
			);
			defaultConfigurationIsVisible = 0;
			defaultConfigurationName = Release;
		};
		683631961D5B394600B55C9D /* Build configuration list for PBXNativeTarget "WorldTrotter" */ = {
			isa = XCConfigurationList;
			buildConfigurations = (
				683631971D5B394600B55C9D /* Debug */,
				683631981D5B394600B55C9D /* Release */,
			);
			defaultConfigurationIsVisible = 0;
			defaultConfigurationName = Release;
		};
		683631991D5B394600B55C9D /* Build configuration list for PBXNativeTarget "WorldTrotterTests" */ = {
			isa = XCConfigurationList;
			buildConfigurations = (
				6836319A1D5B394600B55C9D /* Debug */,
				6836319B1D5B394600B55C9D /* Release */,
			);
			defaultConfigurationIsVisible = 0;
			defaultConfigurationName = Release;
		};
		6836319C1D5B394600B55C9D /* Build configuration list for PBXNativeTarget "WorldTrotterUITests" */ = {
			isa = XCConfigurationList;
			buildConfigurations = (
				6836319D1D5B394600B55C9D /* Debug */,
				6836319E1D5B394600B55C9D /* Release */,
			);
			defaultConfigurationIsVisible = 0;
			defaultConfigurationName = Release;
		};
/* End XCConfigurationList section */
	};
	rootObject = 683631661D5B394600B55C9D /* Project object */;
}
